
Microsoft Visual Studio Solution File, Format Version 12.00
# Visual Studio Version 17
VisualStudioVersion = 17.13.35931.197
MinimumVisualStudioVersion = 10.0.40219.1
Project("{FAE04EC0-301F-11D3-BF4B-00C04F79EFBC}") = "FUCT.Transportes.API", "FUCT.Transportes.API\FUCT.Transportes.API.csproj", "{F831281C-4826-48A2-8958-663B90C3A46B}"
EndProject
Global
	GlobalSection(SolutionConfigurationPlatforms) = preSolution
		Debug|Any CPU = Debug|Any CPU
		Release|Any CPU = Release|Any CPU
	EndGlobalSection
	GlobalSection(ProjectConfigurationPlatforms) = postSolution
		{F831281C-4826-48A2-8958-663B90C3A46B}.Debug|Any CPU.ActiveCfg = Debug|Any CPU
		{F831281C-4826-48A2-8958-663B90C3A46B}.Debug|Any CPU.Build.0 = Debug|Any CPU
		{F831281C-4826-48A2-8958-663B90C3A46B}.Release|Any CPU.ActiveCfg = Release|Any CPU
		{F831281C-4826-48A2-8958-663B90C3A46B}.Release|Any CPU.Build.0 = Release|Any CPU
	EndGlobalSection
	GlobalSection(SolutionProperties) = preSolution
		HideSolutionNode = FALSE
	EndGlobalSection
	GlobalSection(ExtensibilityGlobals) = postSolution
		SolutionGuid = {678BDDC1-32FD-430B-8A3F-A19DE1D4E299}
	EndGlobalSection
EndGlobal
